
Microsoft Visual Studio Solution File, Format Version 12.00
# Visual Studio Version 16
VisualStudioVersion = 16.0.31129.286
MinimumVisualStudioVersion = 10.0.40219.1
Project("{9A19103F-16F7-4668-BE54-9A1E7A4F7556}") = "WebAPICourse", "WebAPICourse\WebAPICourse.csproj", "{CED4CD30-607F-4CC7-8958-CD87AA796C8C}"
EndProject
Project("{2150E333-8FDC-42A3-9474-1A3956D46DE8}") = "Extensions", "Extensions", "{53A30B2B-36AB-4A3A-9976-74D73F643C04}"
EndProject
Global
	GlobalSection(SolutionConfigurationPlatforms) = preSolution
		Debug|Any CPU = Debug|Any CPU
		Release|Any CPU = Release|Any CPU
	EndGlobalSection
	GlobalSection(ProjectConfigurationPlatforms) = postSolution
		{CED4CD30-607F-4CC7-8958-CD87AA796C8C}.Debug|Any CPU.ActiveCfg = Debug|Any CPU
		{CED4CD30-607F-4CC7-8958-CD87AA796C8C}.Debug|Any CPU.Build.0 = Debug|Any CPU
		{CED4CD30-607F-4CC7-8958-CD87AA796C8C}.Release|Any CPU.ActiveCfg = Release|Any CPU
		{CED4CD30-607F-4CC7-8958-CD87AA796C8C}.Release|Any CPU.Build.0 = Release|Any CPU
	EndGlobalSection
	GlobalSection(SolutionProperties) = preSolution
		HideSolutionNode = FALSE
	EndGlobalSection
	GlobalSection(ExtensibilityGlobals) = postSolution
		SolutionGuid = {61AA8E37-925B-4853-81E4-03DF72BA4866}
	EndGlobalSection
EndGlobal
